
Microsoft Visual Studio Solution File, Format Version 12.00
# Visual Studio Version 17
VisualStudioVersion = 17.13.35825.156 d17.13
MinimumVisualStudioVersion = 10.0.40219.1
Project("{FAE04EC0-301F-11D3-BF4B-00C04F79EFBC}") = "ConsoleUI", "ConsoleUI\ConsoleUI.csproj", "{249BDC11-34F7-43B0-893B-9A9CB85E817A}"
EndProject
Global
	GlobalSection(SolutionConfigurationPlatforms) = preSolution
		Debug|Any CPU = Debug|Any CPU
		Release|Any CPU = Release|Any CPU
	EndGlobalSection
	GlobalSection(ProjectConfigurationPlatforms) = postSolution
		{249BDC11-34F7-43B0-893B-9A9CB85E817A}.Debug|Any CPU.ActiveCfg = Debug|Any CPU
		{249BDC11-34F7-43B0-893B-9A9CB85E817A}.Debug|Any CPU.Build.0 = Debug|Any CPU
		{249BDC11-34F7-43B0-893B-9A9CB85E817A}.Release|Any CPU.ActiveCfg = Release|Any CPU
		{249BDC11-34F7-43B0-893B-9A9CB85E817A}.Release|Any CPU.Build.0 = Release|Any CPU
	EndGlobalSection
	GlobalSection(SolutionProperties) = preSolution
		HideSolutionNode = FALSE
	EndGlobalSection
	GlobalSection(ExtensibilityGlobals) = postSolution
		SolutionGuid = {F71167FA-5E69-43DB-8BEA-1A1DFFB134D2}
	EndGlobalSection
EndGlobal
